
Microsoft Visual Studio Solution File, Format Version 12.00
# Visual Studio Version 16
VisualStudioVersion = 16.0.28917.181
MinimumVisualStudioVersion = 10.0.40219.1
Project("{FAE04EC0-301F-11D3-BF4B-00C04F79EFBC}") = "Shop.Common", "Shop.Common\Shop.Common.csproj", "{2F9A0999-17EB-404F-9C86-00F5439D8323}"
EndProject
Global
	GlobalSection(SolutionConfigurationPlatforms) = preSolution
		Debug|Any CPU = Debug|Any CPU
		Release|Any CPU = Release|Any CPU
	EndGlobalSection
	GlobalSection(ProjectConfigurationPlatforms) = postSolution
		{2F9A0999-17EB-404F-9C86-00F5439D8323}.Debug|Any CPU.ActiveCfg = Debug|Any CPU
		{2F9A0999-17EB-404F-9C86-00F5439D8323}.Debug|Any CPU.Build.0 = Debug|Any CPU
		{2F9A0999-17EB-404F-9C86-00F5439D8323}.Release|Any CPU.ActiveCfg = Release|Any CPU
		{2F9A0999-17EB-404F-9C86-00F5439D8323}.Release|Any CPU.Build.0 = Release|Any CPU
	EndGlobalSection
	GlobalSection(SolutionProperties) = preSolution
		HideSolutionNode = FALSE
	EndGlobalSection
	GlobalSection(ExtensibilityGlobals) = postSolution
		SolutionGuid = {7835B82A-5131-4020-BF1E-B6B0FAF527B3}
	EndGlobalSection
EndGlobal
